
Microsoft Visual Studio Solution File, Format Version 12.00
# Visual Studio Version 17
VisualStudioVersion = 17.10.35122.118
MinimumVisualStudioVersion = 10.0.40219.1
Project("{FAE04EC0-301F-11D3-BF4B-00C04F79EFBC}") = "Server", "Server.csproj", "{C2D15A16-5CFB-4CCF-93A8-D239FCCD853F}"
EndProject
Global
	GlobalSection(SolutionConfigurationPlatforms) = preSolution
		Debug|Any CPU = Debug|Any CPU
		Release|Any CPU = Release|Any CPU
	EndGlobalSection
	GlobalSection(ProjectConfigurationPlatforms) = postSolution
		{C2D15A16-5CFB-4CCF-93A8-D239FCCD853F}.Debug|Any CPU.ActiveCfg = Debug|Any CPU
		{C2D15A16-5CFB-4CCF-93A8-D239FCCD853F}.Debug|Any CPU.Build.0 = Debug|Any CPU
		{C2D15A16-5CFB-4CCF-93A8-D239FCCD853F}.Release|Any CPU.ActiveCfg = Release|Any CPU
		{C2D15A16-5CFB-4CCF-93A8-D239FCCD853F}.Release|Any CPU.Build.0 = Release|Any CPU
	EndGlobalSection
	GlobalSection(SolutionProperties) = preSolution
		HideSolutionNode = FALSE
	EndGlobalSection
	GlobalSection(ExtensibilityGlobals) = postSolution
		SolutionGuid = {6FC0D00D-AAF1-4243-909B-A9605D46DDA2}
	EndGlobalSection
EndGlobal
